
Microsoft Visual Studio Solution File, Format Version 12.00
# Visual Studio Version 17
VisualStudioVersion = 17.13.35919.96
MinimumVisualStudioVersion = 10.0.40219.1
Project("{8BC9CEB8-8B4A-11D0-8D11-00A0C91BC942}") = "side project", "side project\side project.vcxproj", "{7AC3FED7-47FE-460A-AFF8-367D11290212}"
EndProject
Global
	GlobalSection(SolutionConfigurationPlatforms) = preSolution
		Debug|x86 = Debug|x86
		Release|x86 = Release|x86
	EndGlobalSection
	GlobalSection(ProjectConfigurationPlatforms) = postSolution
		{7AC3FED7-47FE-460A-AFF8-367D11290212}.Debug|x86.ActiveCfg = Debug|Win32
		{7AC3FED7-47FE-460A-AFF8-367D11290212}.Debug|x86.Build.0 = Debug|Win32
		{7AC3FED7-47FE-460A-AFF8-367D11290212}.Release|x86.ActiveCfg = Release|Win32
		{7AC3FED7-47FE-460A-AFF8-367D11290212}.Release|x86.Build.0 = Release|Win32
	EndGlobalSection
	GlobalSection(SolutionProperties) = preSolution
		HideSolutionNode = FALSE
	EndGlobalSection
	GlobalSection(ExtensibilityGlobals) = postSolution
		SolutionGuid = {1693178E-3FC8-4B6D-B401-50FD15E2BD92}
	EndGlobalSection
EndGlobal
